# THIS IS AN AUTOGENERATED FILE. DO NOT EDIT THIS FILE DIRECTLY.
# yarn lockfile v1


"@adraffy/ens-normalize@^1.10.1":
  version "1.11.0"
  resolved "https://registry.yarnpkg.com/@adraffy/ens-normalize/-/ens-normalize-1.11.0.tgz#42cc67c5baa407ac25059fcd7d405cc5ecdb0c33"
  integrity sha512-/3DDPKHqqIqxUULp8yP4zODUY1i+2xvVWsv8A79xGWdCAG+8sb0hRh0Rk2QyOJUnnbyPUAZYcpBuRe3nS2OIUg==

"@cspotcode/source-map-support@^0.8.0":
  version "0.8.1"
  resolved "https://registry.yarnpkg.com/@cspotcode/source-map-support/-/source-map-support-0.8.1.tgz#00629c35a688e05a88b1cda684fb9d5e73f000a1"
  integrity sha512-IchNf6dN4tHoMFIn/7OE8LWZ19Y6q/67Bmf6vnGREv8RSbBVb9LPJxEcnwrcwX6ixSvaiGoomAUvu4YSxXrVgw==
  dependencies:
    "@jridgewell/trace-mapping" "0.3.9"

"@jridgewell/resolve-uri@^3.0.3":
  version "3.1.2"
  resolved "https://registry.yarnpkg.com/@jridgewell/resolve-uri/-/resolve-uri-3.1.2.tgz#7a0ee601f60f99a20c7c7c5ff0c80388c1189bd6"
  integrity sha512-bRISgCIjP20/tbWSPWMEi54QVPRZExkuD9lJL+UIxUKtwVJA8wW1Trb1jMs1RFXo1CBTNZ/5hpC9QvmKWdopKw==

"@jridgewell/sourcemap-codec@^1.4.10":
  version "1.5.0"
  resolved "https://registry.yarnpkg.com/@jridgewell/sourcemap-codec/-/sourcemap-codec-1.5.0.tgz#3188bcb273a414b0d215fd22a58540b989b9409a"
  integrity sha512-gv3ZRaISU3fjPAgNsriBRqGWQL6quFx04YMPW/zD8XMLsU32mhCCbfbO6KZFLjvYpCZ8zyDEgqsgf+PwPaM7GQ==

"@jridgewell/trace-mapping@0.3.9":
  version "0.3.9"
  resolved "https://registry.yarnpkg.com/@jridgewell/trace-mapping/-/trace-mapping-0.3.9.tgz#6534fd5933a53ba7cbf3a17615e273a0d1273ff9"
  integrity sha512-3Belt6tdc8bPgAtbcmdtNJlirVoTmEb5e2gC94PnkwEW9jI6CAHUeoG85tjWP5WquqfavoMtMwiG4P926ZKKuQ==
  dependencies:
    "@jridgewell/resolve-uri" "^3.0.3"
    "@jridgewell/sourcemap-codec" "^1.4.10"

"@noble/curves@1.8.1", "@noble/curves@^1.6.0", "@noble/curves@~1.8.1":
  version "1.8.1"
  resolved "https://registry.yarnpkg.com/@noble/curves/-/curves-1.8.1.tgz#19bc3970e205c99e4bdb1c64a4785706bce497ff"
  integrity sha512-warwspo+UYUPep0Q+vtdVB4Ugn8GGQj8iyB3gnRWsztmUHTI3S1nhdiWNsPUGL0vud7JlRRk1XEu7Lq1KGTnMQ==
  dependencies:
    "@noble/hashes" "1.7.1"

"@noble/hashes@1.7.1", "@noble/hashes@^1.5.0", "@noble/hashes@~1.7.1":
  version "1.7.1"
  resolved "https://registry.yarnpkg.com/@noble/hashes/-/hashes-1.7.1.tgz#5738f6d765710921e7a751e00c20ae091ed8db0f"
  integrity sha512-B8XBPsn4vT/KJAGqDzbwztd+6Yte3P4V7iafm24bxgDe/mlRuK6xmWPuCNrKt2vDafZ8MfJLlchDG/vYafQEjQ==

"@peculiar/asn1-schema@^2.3.13":
  version "2.3.15"
  resolved "https://registry.yarnpkg.com/@peculiar/asn1-schema/-/asn1-schema-2.3.15.tgz#e926bfdeed51945a06f38be703499e7d8341a5d3"
  integrity sha512-QPeD8UA8axQREpgR5UTAfu2mqQmm97oUqahDtNdBcfj3qAnoXzFdQW+aNf/tD2WVXF8Fhmftxoj0eMIT++gX2w==
  dependencies:
    asn1js "^3.0.5"
    pvtsutils "^1.3.6"
    tslib "^2.8.1"

"@safe-global/api-kit@^2.5.11":
  version "2.5.11"
  resolved "https://registry.yarnpkg.com/@safe-global/api-kit/-/api-kit-2.5.11.tgz#e9f49647a8094968e28f3158cfd1dbd081c29e36"
  integrity sha512-gNrbGI/vHbOplPrytTEe5+CmwOowkEjDoTqGxz6q/rQSEJ7d7z8YzVy8Zdia7ICld1nIymQmkBdXkLr2XrDwfQ==
  dependencies:
    "@safe-global/protocol-kit" "^5.2.4"
    "@safe-global/types-kit" "^1.0.4"
    node-fetch "^2.7.0"
    viem "^2.21.8"

"@safe-global/protocol-kit@^5.2.4":
  version "5.2.4"
  resolved "https://registry.yarnpkg.com/@safe-global/protocol-kit/-/protocol-kit-5.2.4.tgz#bac72cc5cf7c5ccbbe87b75e96fa5d1f3f5836c6"
  integrity sha512-HqEIoclgeit1xsNyZfnscUA3q3uwr0VwoDAnLpVpOTY3y/oh8AEwsFFYs5UGZ05zfQb5t2yfvDSZt0ye+8y86g==
  dependencies:
    "@safe-global/safe-deployments" "^1.37.28"
    "@safe-global/safe-modules-deployments" "^2.2.5"
    "@safe-global/types-kit" "^1.0.4"
    abitype "^1.0.2"
    semver "^7.6.3"
    viem "^2.21.8"
  optionalDependencies:
    "@noble/curves" "^1.6.0"
    "@peculiar/asn1-schema" "^2.3.13"

"@safe-global/safe-deployments@^1.37.28":
  version "1.37.30"
  resolved "https://registry.yarnpkg.com/@safe-global/safe-deployments/-/safe-deployments-1.37.30.tgz#6b9654b429424a3081ec99e34753fe933bf59746"
  integrity sha512-fARm/2VkT4Om/EoaVG4G/TvxaXnVfJZQrsXi/3eDcIB0NwkjgTHoku7FfdY4Gl3EINCaUHnWT9t7CNMPJu/I5w==
  dependencies:
    semver "^7.6.2"

"@safe-global/safe-modules-deployments@^2.2.5":
  version "2.2.7"
  resolved "https://registry.yarnpkg.com/@safe-global/safe-modules-deployments/-/safe-modules-deployments-2.2.7.tgz#8d9cabea778767776de2dc62258dcc458f2f2c14"
  integrity sha512-xlnAW7d0394EwlRgWJ+nuQNQmGkL0qBE54pN+1IBbUEFvWW8q0SbhDsTmlGgeDM+9F8q2KM06Ip1JMmddppA/Q==

"@safe-global/types-kit@^1.0.4":
  version "1.0.4"
  resolved "https://registry.yarnpkg.com/@safe-global/types-kit/-/types-kit-1.0.4.tgz#b847ba4e67f3545ecc04b7722c27eae715aade57"
  integrity sha512-PTVgu+tNrC0km7J/vSZBDGyv0yAEc9IWgh6oWyBPsCysxuLUqyVA53K1qrzzGfJL2mzpC7Bj4bx+Bt6iP9m/yQ==
  dependencies:
    abitype "^1.0.2"

"@scure/base@~1.2.2", "@scure/base@~1.2.4":
  version "1.2.4"
  resolved "https://registry.yarnpkg.com/@scure/base/-/base-1.2.4.tgz#002eb571a35d69bdb4c214d0995dff76a8dcd2a9"
  integrity sha512-5Yy9czTO47mqz+/J8GM6GIId4umdCk1wc1q8rKERQulIoc8VP9pzDcghv10Tl2E7R96ZUx/PhND3ESYUQX8NuQ==

"@scure/bip32@1.6.2", "@scure/bip32@^1.5.0":
  version "1.6.2"
  resolved "https://registry.yarnpkg.com/@scure/bip32/-/bip32-1.6.2.tgz#093caa94961619927659ed0e711a6e4bf35bffd0"
  integrity sha512-t96EPDMbtGgtb7onKKqxRLfE5g05k7uHnHRM2xdE6BP/ZmxaLtPek4J4KfVn/90IQNrU1IOAqMgiDtUdtbe3nw==
  dependencies:
    "@noble/curves" "~1.8.1"
    "@noble/hashes" "~1.7.1"
    "@scure/base" "~1.2.2"

"@scure/bip39@1.5.4", "@scure/bip39@^1.4.0":
  version "1.5.4"
  resolved "https://registry.yarnpkg.com/@scure/bip39/-/bip39-1.5.4.tgz#07fd920423aa671be4540d59bdd344cc1461db51"
  integrity sha512-TFM4ni0vKvCfBpohoh+/lY05i9gRbSwXWngAsF4CABQxoaOHijxuaZ2R6cStDQ5CHtHO9aGJTr4ksVJASRRyMA==
  dependencies:
    "@noble/hashes" "~1.7.1"
    "@scure/base" "~1.2.4"

"@tsconfig/node10@^1.0.7":
  version "1.0.11"
  resolved "https://registry.yarnpkg.com/@tsconfig/node10/-/node10-1.0.11.tgz#6ee46400685f130e278128c7b38b7e031ff5b2f2"
  integrity sha512-DcRjDCujK/kCk/cUe8Xz8ZSpm8mS3mNNpta+jGCA6USEDfktlNvm1+IuZ9eTcDbNk41BHwpHHeW+N1lKCz4zOw==

"@tsconfig/node12@^1.0.7":
  version "1.0.11"
  resolved "https://registry.yarnpkg.com/@tsconfig/node12/-/node12-1.0.11.tgz#ee3def1f27d9ed66dac6e46a295cffb0152e058d"
  integrity sha512-cqefuRsh12pWyGsIoBKJA9luFu3mRxCA+ORZvA4ktLSzIuCUtWVxGIuXigEwO5/ywWFMZ2QEGKWvkZG1zDMTag==

"@tsconfig/node14@^1.0.0":
  version "1.0.3"
  resolved "https://registry.yarnpkg.com/@tsconfig/node14/-/node14-1.0.3.tgz#e4386316284f00b98435bf40f72f75a09dabf6c1"
  integrity sha512-ysT8mhdixWK6Hw3i1V2AeRqZ5WfXg1G43mqoYlM2nc6388Fq5jcXyr5mRsqViLx/GJYdoL0bfXD8nmF+Zn/Iow==

"@tsconfig/node16@^1.0.2":
  version "1.0.4"
  resolved "https://registry.yarnpkg.com/@tsconfig/node16/-/node16-1.0.4.tgz#0b92dcc0cc1c81f6f306a381f28e31b1a56536e9"
  integrity sha512-vxhUy4J8lyeyinH7Azl1pdd43GJhZH/tP2weN8TntQblOY+A0XbT8DJk1/oCPuOOyg/Ja757rG0CgHcWC8OfMA==

"@types/node@^22.13.10":
  version "22.13.10"
  resolved "https://registry.yarnpkg.com/@types/node/-/node-22.13.10.tgz#df9ea358c5ed991266becc3109dc2dc9125d77e4"
  integrity sha512-I6LPUvlRH+O6VRUqYOcMudhaIdUVWfsjnZavnsraHvpBwaEyMN29ry+0UVJhImYL16xsscu0aske3yA+uPOWfw==
  dependencies:
    undici-types "~6.20.0"

abitype@1.0.8, abitype@^1.0.2, abitype@^1.0.6:
  version "1.0.8"
  resolved "https://registry.yarnpkg.com/abitype/-/abitype-1.0.8.tgz#3554f28b2e9d6e9f35eb59878193eabd1b9f46ba"
  integrity sha512-ZeiI6h3GnW06uYDLx0etQtX/p8E24UaHHBj57RSjK7YBFe7iuVn07EDpOeP451D06sF27VOz9JJPlIKJmXgkEg==

acorn-walk@^8.1.1:
  version "8.3.4"
  resolved "https://registry.yarnpkg.com/acorn-walk/-/acorn-walk-8.3.4.tgz#794dd169c3977edf4ba4ea47583587c5866236b7"
  integrity sha512-ueEepnujpqee2o5aIYnvHU6C0A42MNdsIDeqy5BydrkuC5R1ZuUFnm27EeFJGoEHJQgn3uleRvmTXaJgfXbt4g==
  dependencies:
    acorn "^8.11.0"

acorn@^8.11.0, acorn@^8.4.1:
  version "8.14.1"
  resolved "https://registry.yarnpkg.com/acorn/-/acorn-8.14.1.tgz#721d5dc10f7d5b5609a891773d47731796935dfb"
  integrity sha512-OvQ/2pUDKmgfCg++xsTX1wGxfTaszcHVcTctW4UJB4hibJx2HXxxO5UmVgyjMa+ZDsiaf5wWLXYpRWMmBI0QHg==

arg@^4.1.0:
  version "4.1.3"
  resolved "https://registry.yarnpkg.com/arg/-/arg-4.1.3.tgz#269fc7ad5b8e42cb63c896d5666017261c144089"
  integrity sha512-58S9QDqG0Xx27YwPSt9fJxivjYl432YCwfDMfZ+71RAqUrZef7LrKQZ3LHLOwCS4FLNBplP533Zx895SeOCHvA==

asn1js@^3.0.5:
  version "3.0.5"
  resolved "https://registry.yarnpkg.com/asn1js/-/asn1js-3.0.5.tgz#5ea36820443dbefb51cc7f88a2ebb5b462114f38"
  integrity sha512-FVnvrKJwpt9LP2lAMl8qZswRNm3T4q9CON+bxldk2iwk3FFpuwhx2FfinyitizWHsVYyaY+y5JzDR0rCMV5yTQ==
  dependencies:
    pvtsutils "^1.3.2"
    pvutils "^1.1.3"
    tslib "^2.4.0"

create-require@^1.1.0:
  version "1.1.1"
  resolved "https://registry.yarnpkg.com/create-require/-/create-require-1.1.1.tgz#c1d7e8f1e5f6cfc9ff65f9cd352d37348756c333"
  integrity sha512-dcKFX3jn0MpIaXjisoRvexIJVEKzaq7z2rZKxf+MSr9TkdmHmsU4m2lcLojrj/FHl8mk5VxMmYA+ftRkP/3oKQ==

diff@^4.0.1:
  version "4.0.2"
  resolved "https://registry.yarnpkg.com/diff/-/diff-4.0.2.tgz#60f3aecb89d5fae520c11aa19efc2bb982aade7d"
  integrity sha512-58lmxKSA4BNyLz+HHMUzlOEpg09FV+ev6ZMe3vJihgdxzgcwZ8VoEEPmALCZG9LmqfVoNMMKpttIYTVG6uDY7A==

dotenv@^16.4.7:
  version "16.4.7"
  resolved "https://registry.yarnpkg.com/dotenv/-/dotenv-16.4.7.tgz#0e20c5b82950140aa99be360a8a5f52335f53c26"
  integrity sha512-47qPchRCykZC03FhkYAhrvwU4xDBFIj1QPqaarj6mdM/hgUzfPHcpkHJOn3mJAufFeeAxAzeGsr5X0M4k6fLZQ==

eventemitter3@5.0.1:
  version "5.0.1"
  resolved "https://registry.yarnpkg.com/eventemitter3/-/eventemitter3-5.0.1.tgz#53f5ffd0a492ac800721bb42c66b841de96423c4"
  integrity sha512-GWkBvjiSZK87ELrYOSESUYeVIc9mvLLf/nXalMOS5dYrgZq9o5OVkbZAVM06CVxYsCwH9BDZFPlQTlPA1j4ahA==

isows@1.0.6:
  version "1.0.6"
  resolved "https://registry.yarnpkg.com/isows/-/isows-1.0.6.tgz#0da29d706fa51551c663c627ace42769850f86e7"
  integrity sha512-lPHCayd40oW98/I0uvgaHKWCSvkzY27LjWLbtzOm64yQ+G3Q5npjjbdppU65iZXkK1Zt+kH9pfegli0AYfwYYw==

make-error@^1.1.1:
  version "1.3.6"
  resolved "https://registry.yarnpkg.com/make-error/-/make-error-1.3.6.tgz#2eb2e37ea9b67c4891f684a1394799af484cf7a2"
  integrity sha512-s8UhlNe7vPKomQhC1qFelMokr/Sc3AgNbso3n74mVPA5LTZwkB9NlXf4XPamLxJE8h0gh73rM94xvwRT2CVInw==

node-fetch@^2.7.0:
  version "2.7.0"
  resolved "https://registry.yarnpkg.com/node-fetch/-/node-fetch-2.7.0.tgz#d0f0fa6e3e2dc1d27efcd8ad99d550bda94d187d"
  integrity sha512-c4FRfUm/dbcWZ7U+1Wq0AwCyFL+3nt2bEw05wfxSz+DWpWsitgmSgYmy2dQdWyKC1694ELPqMs/YzUSNozLt8A==
  dependencies:
    whatwg-url "^5.0.0"

ox@0.6.7:
  version "0.6.7"
  resolved "https://registry.yarnpkg.com/ox/-/ox-0.6.7.tgz#afd53f2ecef68b8526660e9d29dee6e6b599a832"
  integrity sha512-17Gk/eFsFRAZ80p5eKqv89a57uXjd3NgIf1CaXojATPBuujVc/fQSVhBeAU9JCRB+k7J50WQAyWTxK19T9GgbA==
  dependencies:
    "@adraffy/ens-normalize" "^1.10.1"
    "@noble/curves" "^1.6.0"
    "@noble/hashes" "^1.5.0"
    "@scure/bip32" "^1.5.0"
    "@scure/bip39" "^1.4.0"
    abitype "^1.0.6"
    eventemitter3 "5.0.1"

pvtsutils@^1.3.2, pvtsutils@^1.3.6:
  version "1.3.6"
  resolved "https://registry.yarnpkg.com/pvtsutils/-/pvtsutils-1.3.6.tgz#ec46e34db7422b9e4fdc5490578c1883657d6001"
  integrity sha512-PLgQXQ6H2FWCaeRak8vvk1GW462lMxB5s3Jm673N82zI4vqtVUPuZdffdZbPDFRoU8kAhItWFtPCWiPpp4/EDg==
  dependencies:
    tslib "^2.8.1"

pvutils@^1.1.3:
  version "1.1.3"
  resolved "https://registry.yarnpkg.com/pvutils/-/pvutils-1.1.3.tgz#f35fc1d27e7cd3dfbd39c0826d173e806a03f5a3"
  integrity sha512-pMpnA0qRdFp32b1sJl1wOJNxZLQ2cbQx+k6tjNtZ8CpvVhNqEPRgivZ2WOUev2YMajecdH7ctUPDvEe87nariQ==

semver@^7.6.2, semver@^7.6.3:
  version "7.7.1"
  resolved "https://registry.yarnpkg.com/semver/-/semver-7.7.1.tgz#abd5098d82b18c6c81f6074ff2647fd3e7220c9f"
  integrity sha512-hlq8tAfn0m/61p4BVRcPzIGr6LKiMwo4VM6dGi6pt4qcRkmNzTcWq6eCEjEh+qXjkMDvPlOFFSGwQjoEa6gyMA==

tr46@~0.0.3:
  version "0.0.3"
  resolved "https://registry.yarnpkg.com/tr46/-/tr46-0.0.3.tgz#8184fd347dac9cdc185992f3a6622e14b9d9ab6a"
  integrity sha512-N3WMsuqV66lT30CrXNbEjx4GEwlow3v6rr4mCcv6prnfwhS01rkgyFdjPNBYd9br7LpXV1+Emh01fHnq2Gdgrw==

ts-node@^10.9.2:
  version "10.9.2"
  resolved "https://registry.yarnpkg.com/ts-node/-/ts-node-10.9.2.tgz#70f021c9e185bccdca820e26dc413805c101c71f"
  integrity sha512-f0FFpIdcHgn8zcPSbf1dRevwt047YMnaiJM3u2w2RewrB+fob/zePZcrOyQoLMMO7aBIddLcQIEK5dYjkLnGrQ==
  dependencies:
    "@cspotcode/source-map-support" "^0.8.0"
    "@tsconfig/node10" "^1.0.7"
    "@tsconfig/node12" "^1.0.7"
    "@tsconfig/node14" "^1.0.0"
    "@tsconfig/node16" "^1.0.2"
    acorn "^8.4.1"
    acorn-walk "^8.1.1"
    arg "^4.1.0"
    create-require "^1.1.0"
    diff "^4.0.1"
    make-error "^1.1.1"
    v8-compile-cache-lib "^3.0.1"
    yn "3.1.1"

tslib@^2.4.0, tslib@^2.8.1:
  version "2.8.1"
  resolved "https://registry.yarnpkg.com/tslib/-/tslib-2.8.1.tgz#612efe4ed235d567e8aba5f2a5fab70280ade83f"
  integrity sha512-oJFu94HQb+KVduSUQL7wnpmqnfmLsOA/nAh6b6EH0wCEoK0/mPeXU6c3wKDV83MkOuHPRHtSXKKU99IBazS/2w==

typescript@^5.8.2:
  version "5.8.2"
  resolved "https://registry.yarnpkg.com/typescript/-/typescript-5.8.2.tgz#8170b3702f74b79db2e5a96207c15e65807999e4"
  integrity sha512-aJn6wq13/afZp/jT9QZmwEjDqqvSGp1VT5GVg+f/t6/oVyrgXM6BY1h9BRh/O5p3PlUPAe+WuiEZOmb/49RqoQ==

undici-types@~6.20.0:
  version "6.20.0"
  resolved "https://registry.yarnpkg.com/undici-types/-/undici-types-6.20.0.tgz#8171bf22c1f588d1554d55bf204bc624af388433"
  integrity sha512-Ny6QZ2Nju20vw1SRHe3d9jVu6gJ+4e3+MMpqu7pqE5HT6WsTSlce++GQmK5UXS8mzV8DSYHrQH+Xrf2jVcuKNg==

v8-compile-cache-lib@^3.0.1:
  version "3.0.1"
  resolved "https://registry.yarnpkg.com/v8-compile-cache-lib/-/v8-compile-cache-lib-3.0.1.tgz#6336e8d71965cb3d35a1bbb7868445a7c05264bf"
  integrity sha512-wa7YjyUGfNZngI/vtK0UHAN+lgDCxBPCylVXGp0zu59Fz5aiGtNXaq3DhIov063MorB+VfufLh3JlF2KdTK3xg==

viem@^2.21.8:
  version "2.23.8"
  resolved "https://registry.yarnpkg.com/viem/-/viem-2.23.8.tgz#6dd1cd325eb2c2d888f09975f96c7e3558b52bcd"
  integrity sha512-0uzpgfoyoplo0KTOMAMxiF3BvaYmze+lCV3GIG7To1LtEJwfetRwtfPQF5IAzaJ1/XURlAVno6Co2lJURtvJeQ==
  dependencies:
    "@noble/curves" "1.8.1"
    "@noble/hashes" "1.7.1"
    "@scure/bip32" "1.6.2"
    "@scure/bip39" "1.5.4"
    abitype "1.0.8"
    isows "1.0.6"
    ox "0.6.7"
    ws "8.18.0"

webidl-conversions@^3.0.0:
  version "3.0.1"
  resolved "https://registry.yarnpkg.com/webidl-conversions/-/webidl-conversions-3.0.1.tgz#24534275e2a7bc6be7bc86611cc16ae0a5654871"
  integrity sha512-2JAn3z8AR6rjK8Sm8orRC0h/bcl/DqL7tRPdGZ4I1CjdF+EaMLmYxBHyXuKL849eucPFhvBoxMsflfOb8kxaeQ==

whatwg-url@^5.0.0:
  version "5.0.0"
  resolved "https://registry.yarnpkg.com/whatwg-url/-/whatwg-url-5.0.0.tgz#966454e8765462e37644d3626f6742ce8b70965d"
  integrity sha512-saE57nupxk6v3HY35+jzBwYa0rKSy0XR8JSxZPwgLr7ys0IBzhGviA1/TUGJLmSVqs8pb9AnvICXEuOHLprYTw==
  dependencies:
    tr46 "~0.0.3"
    webidl-conversions "^3.0.0"

ws@8.18.0:
  version "8.18.0"
  resolved "https://registry.yarnpkg.com/ws/-/ws-8.18.0.tgz#0d7505a6eafe2b0e712d232b42279f53bc289bbc"
  integrity sha512-8VbfWfHLbbwu3+N6OKsOMpBdT4kXPDDB9cJk2bJ6mh9ucxdlnNvH1e+roYkKmN9Nxw2yjz7VzeO9oOz2zJ04Pw==

yn@3.1.1:
  version "3.1.1"
  resolved "https://registry.yarnpkg.com/yn/-/yn-3.1.1.tgz#1e87401a09d767c1d5eab26a6e4c185182d2eb50"
  integrity sha512-Ux4ygGWsu2c7isFWe8Yu1YluJmqVhxqK2cLXNQA5AcC3QfbGNpM7fu0Y8b/z16pXLnFxZYvWhd3fhBY9DLmC6Q==
